
Microsoft Visual Studio Solution File, Format Version 12.00
# Visual Studio Version 17
VisualStudioVersion = 17.8.34330.188
MinimumVisualStudioVersion = 10.0.40219.1
Project("{C9674DCB-5085-4A16-B785-4C70DD1589BD}") = "SSIS Project 1", "SSIS Project 1.dtproj", "{CC09AE52-54B0-422F-A2A0-4AC010C73932}"
EndProject
Global
	GlobalSection(SolutionConfigurationPlatforms) = preSolution
		Development|Default = Development|Default
	EndGlobalSection
	GlobalSection(ProjectConfigurationPlatforms) = postSolution
		{CC09AE52-54B0-422F-A2A0-4AC010C73932}.Development|Default.ActiveCfg = Development
		{CC09AE52-54B0-422F-A2A0-4AC010C73932}.Development|Default.Build.0 = Development
	EndGlobalSection
	GlobalSection(SolutionProperties) = preSolution
		HideSolutionNode = FALSE
	EndGlobalSection
	GlobalSection(ExtensibilityGlobals) = postSolution
		SolutionGuid = {14754B2C-2926-47B8-BDB8-F7ACB825211D}
	EndGlobalSection
EndGlobal
